<?xml version="1.0" encoding="utf-8"?>
<Project ToolsVersion="4.0" xmlns="http://schemas.microsoft.com/developer/msbuild/2003">
  <ItemGroup>
    <Filter Include="소스 파일">
      <UniqueIdentifier>{4FC737F1-C7A5-4376-A066-2A32D752A2FF}</UniqueIdentifier>
      <Extensions>cpp;c;cc;cxx;def;odl;idl;hpj;bat;asm;asmx</Extensions>
    </Filter>
    <Filter Include="헤더 파일">
      <UniqueIdentifier>{93995380-89BD-4b04-88EB-625FBE52EBFB}</UniqueIdentifier>
      <Extensions>h;hh;hpp;hxx;hm;inl;inc;xsd</Extensions>
    </Filter>
    <Filter Include="리소스 파일">
      <UniqueIdentifier>{67DA6AB6-F800-4c08-8B7A-83BB121AAD01}</UniqueIdentifier>
      <Extensions>rc;ico;cur;bmp;dlg;rc2;rct;bin;rgs;gif;jpg;jpeg;jpe;resx;tiff;tif;png;wav;mfcribbon-ms</Extensions>
    </Filter>
    <Filter Include="헤더 파일\Utils">
      <UniqueIdentifier>{313f8de6-f299-4b25-8a1e-e07b8f82f694}</UniqueIdentifier>
    </Filter>
    <Filter Include="소스 파일\Utils">
      <UniqueIdentifier>{d7c5d971-dfba-42ba-83b6-c26416dc5884}</UniqueIdentifier>
    </Filter>
    <Filter Include="헤더 파일\Window">
      <UniqueIdentifier>{a7bc563d-0031-46f4-9b2a-ee0fd55e05f2}</UniqueIdentifier>
    </Filter>
    <Filter Include="소스 파일\Window">
      <UniqueIdentifier>{29672c7c-e21a-4bd4-8111-419e014922e3}</UniqueIdentifier>
    </Filter>
    <Filter Include="헤더 파일\Input">
      <UniqueIdentifier>{639660e6-56e2-486a-a0cb-acb72f1a416f}</UniqueIdentifier>
    </Filter>
    <Filter Include="소스 파일\Input">
      <UniqueIdentifier>{d1636293-a398-45f1-b70c-aa217e6afa08}</UniqueIdentifier>
    </Filter>
    <Filter Include="헤더 파일\Scene">
      <UniqueIdentifier>{a8fd2594-e6d7-4e31-998c-21a8536e18b3}</UniqueIdentifier>
    </Filter>
    <Filter Include="헤더 파일\Object">
      <UniqueIdentifier>{ccb523bd-b93e-46ce-8810-4be9636e3e5b}</UniqueIdentifier>
    </Filter>
    <Filter Include="헤더 파일\Component">
      <UniqueIdentifier>{2cf68088-5e22-487e-adc6-69b10d5668d6}</UniqueIdentifier>
    </Filter>
    <Filter Include="소스 파일\Object">
      <UniqueIdentifier>{f450b2f8-f2a0-4bc3-8393-c8bac5387d61}</UniqueIdentifier>
    </Filter>
    <Filter Include="소스 파일\Scene">
      <UniqueIdentifier>{5209713a-e1b1-4251-9bb1-57230db08b4f}</UniqueIdentifier>
    </Filter>
    <Filter Include="소스 파일\Component">
      <UniqueIdentifier>{1751331c-9899-420c-ba9d-46f6f08b7eab}</UniqueIdentifier>
    </Filter>
    <Filter Include="헤더 파일\Graphics">
      <UniqueIdentifier>{78fed72b-ffad-46ed-90a2-c8e7730e0f02}</UniqueIdentifier>
    </Filter>
    <Filter Include="소스 파일\Graphics">
      <UniqueIdentifier>{9f853860-5d21-4bd0-abe6-f30d12d41847}</UniqueIdentifier>
    </Filter>
    <Filter Include="헤더 파일\Utils\Time">
      <UniqueIdentifier>{3cc21636-c994-4191-9344-af7883500476}</UniqueIdentifier>
    </Filter>
    <Filter Include="소스 파일\Utils\Time">
      <UniqueIdentifier>{6c6c4b78-d2df-4dab-95df-52ae56a9f769}</UniqueIdentifier>
    </Filter>
    <Filter Include="헤더 파일\STB">
      <UniqueIdentifier>{f0549bd4-c617-433e-bba8-7ba28685f233}</UniqueIdentifier>
    </Filter>
    <Filter Include="셰이더 파일">
      <UniqueIdentifier>{7cb63eba-c355-4910-904e-aa26c4ba55dc}</UniqueIdentifier>
    </Filter>
    <Filter Include="헤더 파일\Resource">
      <UniqueIdentifier>{379d0b7f-6db0-4f57-ae73-3c0a16d0565a}</UniqueIdentifier>
    </Filter>
    <Filter Include="소스 파일\Resource">
      <UniqueIdentifier>{a8e5779e-cda7-43cd-ad68-279fb11f6812}</UniqueIdentifier>
    </Filter>
  </ItemGroup>
  <ItemGroup>
    <ClCompile Include="main.cpp">
      <Filter>소스 파일</Filter>
    </ClCompile>
    <ClCompile Include="src\Utils\Logger.cpp">
      <Filter>소스 파일\Utils</Filter>
    </ClCompile>
    <ClCompile Include="src\Window\Window.cpp">
      <Filter>소스 파일\Window</Filter>
    </ClCompile>
    <ClCompile Include="src\Utils\Utils.cpp">
      <Filter>소스 파일\Utils</Filter>
    </ClCompile>
    <ClCompile Include="src\BaseGame.cpp">
      <Filter>소스 파일</Filter>
    </ClCompile>
    <ClCompile Include="src\DSEngine.cpp">
      <Filter>소스 파일</Filter>
    </ClCompile>
    <ClCompile Include="src\Input\InputManager.cpp">
      <Filter>소스 파일\Input</Filter>
    </ClCompile>
    <ClCompile Include="src\Object\Object.cpp">
      <Filter>소스 파일\Object</Filter>
    </ClCompile>
    <ClCompile Include="src\Scene\Scene.cpp">
      <Filter>소스 파일\Scene</Filter>
    </ClCompile>
    <ClCompile Include="src\Component\Component.cpp">
      <Filter>소스 파일\Component</Filter>
    </ClCompile>
    <ClCompile Include="src\Component\TransformComponent.cpp">
      <Filter>소스 파일\Component</Filter>
    </ClCompile>
    <ClCompile Include="src\Graphics\GraphicsManager.cpp">
      <Filter>소스 파일\Graphics</Filter>
    </ClCompile>
    <ClCompile Include="src\Utils\Time\Timer.cpp">
      <Filter>소스 파일\Utils\Time</Filter>
    </ClCompile>
    <ClCompile Include="src\Utils\Time\TimeManager.cpp">
      <Filter>소스 파일\Utils\Time</Filter>
    </ClCompile>
    <ClCompile Include="src\Utils\Time\Time.cpp">
      <Filter>소스 파일\Utils\Time</Filter>
    </ClCompile>
    <ClCompile Include="src\Utils\Time\TimerManager.cpp">
      <Filter>소스 파일\Utils\Time</Filter>
    </ClCompile>
    <ClCompile Include="src\Utils\FPS.cpp">
      <Filter>소스 파일\Utils</Filter>
    </ClCompile>
    <ClCompile Include="src\Graphics\ShaderManager.cpp">
      <Filter>소스 파일\Graphics</Filter>
    </ClCompile>
    <ClCompile Include="src\Component\SquareComponent.cpp">
      <Filter>소스 파일\Component</Filter>
    </ClCompile>
    <ClCompile Include="src\Utils\Time\Stopwatch.cpp">
      <Filter>소스 파일\Utils\Time</Filter>
    </ClCompile>
    <ClCompile Include="src\Scene\SceneManager.cpp">
      <Filter>소스 파일\Scene</Filter>
    </ClCompile>
    <ClCompile Include="src\Resource\ResourceManager.cpp">
      <Filter>소스 파일\Resource</Filter>
    </ClCompile>
    <ClCompile Include="src\Resource\Resource.cpp">
      <Filter>소스 파일\Resource</Filter>
    </ClCompile>
    <ClCompile Include="src\Resource\PNGImage.cpp">
      <Filter>소스 파일\Resource</Filter>
    </ClCompile>
  </ItemGroup>
  <ItemGroup>
    <ClInclude Include="src\Utils\Logger.h">
      <Filter>헤더 파일\Utils</Filter>
    </ClInclude>
    <ClInclude Include="src\Utils\Utils.h">
      <Filter>헤더 파일\Utils</Filter>
    </ClInclude>
    <ClInclude Include="src\Utils\Singleton.h">
      <Filter>헤더 파일\Utils</Filter>
    </ClInclude>
    <ClInclude Include="src\Defines.h">
      <Filter>헤더 파일</Filter>
    </ClInclude>
    <ClInclude Include="src\Window\Window.h">
      <Filter>헤더 파일\Window</Filter>
    </ClInclude>
    <ClInclude Include="src\BaseGame.h">
      <Filter>헤더 파일</Filter>
    </ClInclude>
    <ClInclude Include="src\DSEngine.h">
      <Filter>헤더 파일</Filter>
    </ClInclude>
    <ClInclude Include="src\Input\InputManager.h">
      <Filter>헤더 파일\Input</Filter>
    </ClInclude>
    <ClInclude Include="src\Scene\SceneManager.h">
      <Filter>헤더 파일\Scene</Filter>
    </ClInclude>
    <ClInclude Include="src\Scene\Scene.h">
      <Filter>헤더 파일\Scene</Filter>
    </ClInclude>
    <ClInclude Include="src\Object\Object.h">
      <Filter>헤더 파일\Object</Filter>
    </ClInclude>
    <ClInclude Include="src\Component\Component.h">
      <Filter>헤더 파일\Component</Filter>
    </ClInclude>
    <ClInclude Include="src\Component\TransformComponent.h">
      <Filter>헤더 파일\Component</Filter>
    </ClInclude>
    <ClInclude Include="src\Graphics\GraphicsManager.h">
      <Filter>헤더 파일\Graphics</Filter>
    </ClInclude>
    <ClInclude Include="src\Utils\Time\Time.h">
      <Filter>헤더 파일\Utils\Time</Filter>
    </ClInclude>
    <ClInclude Include="src\Utils\Time\TimeManager.h">
      <Filter>헤더 파일\Utils\Time</Filter>
    </ClInclude>
    <ClInclude Include="src\Utils\Time\Timer.h">
      <Filter>헤더 파일\Utils\Time</Filter>
    </ClInclude>
    <ClInclude Include="src\Utils\Time\TimerManager.h">
      <Filter>헤더 파일\Utils\Time</Filter>
    </ClInclude>
    <ClInclude Include="src\Utils\Time\Context.h">
      <Filter>헤더 파일\Utils\Time</Filter>
    </ClInclude>
    <ClInclude Include="src\Utils\Time\Stopwatch.h">
      <Filter>헤더 파일\Utils\Time</Filter>
    </ClInclude>
    <ClInclude Include="src\Utils\FPS.h">
      <Filter>헤더 파일\Utils</Filter>
    </ClInclude>
    <ClInclude Include="src\STB\stb_truetype.h">
      <Filter>헤더 파일\STB</Filter>
    </ClInclude>
    <ClInclude Include="src\STB\stb_image.h">
      <Filter>헤더 파일\STB</Filter>
    </ClInclude>
    <ClInclude Include="src\STB\stb_vorbis.h">
      <Filter>헤더 파일\STB</Filter>
    </ClInclude>
    <ClInclude Include="src\Graphics\ShaderManager.h">
      <Filter>헤더 파일\Graphics</Filter>
    </ClInclude>
    <ClInclude Include="src\Component\SquareComponent.h">
      <Filter>헤더 파일\Component</Filter>
    </ClInclude>
    <ClInclude Include="src\Resource\ResourceManager.h">
      <Filter>헤더 파일\Resource</Filter>
    </ClInclude>
    <ClInclude Include="src\Resource\Resource.h">
      <Filter>헤더 파일\Resource</Filter>
    </ClInclude>
    <ClInclude Include="src\Resource\ResourceFactory.h">
      <Filter>헤더 파일\Resource</Filter>
    </ClInclude>
    <ClInclude Include="Texture.h">
      <Filter>헤더 파일\Graphics</Filter>
    </ClInclude>
    <ClInclude Include="src\Resource\PNGImage.h">
      <Filter>헤더 파일\Resource</Filter>
    </ClInclude>
  </ItemGroup>
  <ItemGroup>
    <None Include="src\Utils\Singleton.inl">
      <Filter>소스 파일\Utils</Filter>
    </None>
    <None Include="src\Object\Object.inl">
      <Filter>소스 파일\Object</Filter>
    </None>
    <None Include="src\Resource\ResourceFactory.inl">
      <Filter>소스 파일\Resource</Filter>
    </None>
    <None Include="Resources.dsr" />
  </ItemGroup>
  <ItemGroup>
    <FxCompile Include="shader\PixelShader.hlsl">
      <Filter>셰이더 파일</Filter>
    </FxCompile>
    <FxCompile Include="shader\VertexShader.hlsl">
      <Filter>셰이더 파일</Filter>
    </FxCompile>
  </ItemGroup>
  <ItemGroup>
    <Text Include="Resource.res규칙.txt">
      <Filter>리소스 파일</Filter>
    </Text>
  </ItemGroup>
  <ItemGroup>
    <Image Include="Sample.png">
      <Filter>리소스 파일</Filter>
    </Image>
  </ItemGroup>
</Project>